# @generated by Move, please check-in and do not edit manually.

[move]
version = 0
manifest_digest = "FACC796D6B3FC8F227E2A888FCAEC1147FC964BAC39C5651A439297316911151"
deps_digest = "G8CCS4374YHRF843H4F4732GBDWE8FYSH436507ACD77214D373RFEHBSDU33"

dependencies = [
  { name = "Sui" },
]

[[move.package]]
name = "MoveStdlib"
source = { git = "https://github.com/MystenLabs/sui.git", rev = "framework/devnet", subdir = "crates/sui-framework/packages/move-stdlib" }

[[move.package]]
name = "Sui"
source = { git = "https://github.com/MystenLabs/sui.git", rev = "framework/devnet", subdir = "crates/sui-framework/packages/sui-framework" }

dependencies = [
  { name = "MoveStdlib" },
]

[move.toolchain-version]
compiler-version = "1.24.0"
edition = "2024.beta"
flavor = "sui"
